{
  "version": 4,
  "terraform_version": "1.3.7",
  "serial": 17,
  "lineage": "f21683f4-7dd6-1d0a-726d-1e04ad217b4d",
  "outputs": {},
  "resources": [
    {
      "mode": "managed",
      "type": "aws_s3_bucket",
      "name": "terraform_state",
      "provider": "provider[\"registry.terraform.io/hashicorp/aws\"]",
      "instances": [
        {
          "schema_version": 0,
          "attributes": {
            "acceleration_status": "",
            "acl": null,
            "arn": "arn:aws:s3:::revature-planetarium-bucket",
            "bucket": "revature-planetarium-bucket",
            "bucket_domain_name": "revature-planetarium-bucket.s3.amazonaws.com",
            "bucket_prefix": null,
            "bucket_regional_domain_name": "revature-planetarium-bucket.s3.amazonaws.com",
            "cors_rule": [],
            "force_destroy": false,
            "grant": [
              {
                "id": "644d468fa52231872dcefe815cdf828058b15093896cb074dd3a19ae07ee1b68",
                "permissions": [
                  "FULL_CONTROL"
                ],
                "type": "CanonicalUser",
                "uri": ""
              }
            ],
            "hosted_zone_id": "Z3AQBSTGFYJSTF",
            "id": "revature-planetarium-bucket",
            "lifecycle_rule": [],
            "logging": [],
            "object_lock_configuration": [],
            "object_lock_enabled": false,
            "policy": "",
            "region": "us-east-1",
            "replication_configuration": [],
            "request_payer": "BucketOwner",
            "server_side_encryption_configuration": [
              {
                "rule": [
                  {
                    "apply_server_side_encryption_by_default": [
                      {
                        "kms_master_key_id": "",
                        "sse_algorithm": "AES256"
                      }
                    ],
                    "bucket_key_enabled": false
                  }
                ]
              }
            ],
            "tags": {},
            "tags_all": {},
            "timeouts": null,
            "versioning": [
              {
                "enabled": true,
                "mfa_delete": false
              }
            ],
            "website": [],
            "website_domain": null,
            "website_endpoint": null
          },
          "sensitive_attributes": [],
          "private": "eyJlMmJmYjczMC1lY2FhLTExZTYtOGY4OC0zNDM2M2JjN2M0YzAiOnsiY3JlYXRlIjoxMjAwMDAwMDAwMDAwLCJkZWxldGUiOjM2MDAwMDAwMDAwMDAsInJlYWQiOjEyMDAwMDAwMDAwMDAsInVwZGF0ZSI6MTIwMDAwMDAwMDAwMH19"
        }
      ]
    },
    {
      "module": "module.planetarium-rds",
      "mode": "managed",
      "type": "random_password",
      "name": "master_password",
      "provider": "provider[\"registry.terraform.io/hashicorp/random\"]",
      "instances": [
        {
          "index_key": 0,
          "schema_version": 3,
          "attributes": {
            "bcrypt_hash": "$2a$10$y.ptublTlM79WovXr35EXu1TvRDDhzA9eEMBa3tPd0MkO3ItauwIC",
            "id": "none",
            "keepers": null,
            "length": 16,
            "lower": true,
            "min_lower": 0,
            "min_numeric": 0,
            "min_special": 0,
            "min_upper": 0,
            "number": true,
            "numeric": true,
            "override_special": null,
            "result": "adtT9I5F1vMka0U6",
            "special": false,
            "upper": true
          },
          "sensitive_attributes": []
        }
      ]
    },
    {
      "module": "module.planetarium-rds.module.db_instance",
      "mode": "data",
      "type": "aws_iam_policy_document",
      "name": "enhanced_monitoring",
      "provider": "provider[\"registry.terraform.io/hashicorp/aws\"]",
      "instances": [
        {
          "schema_version": 0,
          "attributes": {
            "id": "1813475199",
            "json": "{\n  \"Version\": \"2012-10-17\",\n  \"Statement\": [\n    {\n      \"Sid\": \"\",\n      \"Effect\": \"Allow\",\n      \"Action\": \"sts:AssumeRole\",\n      \"Principal\": {\n        \"Service\": \"monitoring.rds.amazonaws.com\"\n      }\n    }\n  ]\n}",
            "override_json": null,
            "override_policy_documents": null,
            "policy_id": null,
            "source_json": null,
            "source_policy_documents": null,
            "statement": [
              {
                "actions": [
                  "sts:AssumeRole"
                ],
                "condition": [],
                "effect": "Allow",
                "not_actions": [],
                "not_principals": [],
                "not_resources": [],
                "principals": [
                  {
                    "identifiers": [
                      "monitoring.rds.amazonaws.com"
                    ],
                    "type": "Service"
                  }
                ],
                "resources": [],
                "sid": ""
              }
            ],
            "version": "2012-10-17"
          },
          "sensitive_attributes": []
        }
      ]
    },
    {
      "module": "module.planetarium-rds.module.db_instance",
      "mode": "data",
      "type": "aws_partition",
      "name": "current",
      "provider": "provider[\"registry.terraform.io/hashicorp/aws\"]",
      "instances": [
        {
          "schema_version": 0,
          "attributes": {
            "dns_suffix": "amazonaws.com",
            "id": "aws",
            "partition": "aws",
            "reverse_dns_prefix": "com.amazonaws"
          },
          "sensitive_attributes": []
        }
      ]
    },
    {
      "module": "module.planetarium-rds.module.db_instance",
      "mode": "managed",
      "type": "aws_cloudwatch_log_group",
      "name": "this",
      "provider": "provider[\"registry.terraform.io/hashicorp/aws\"]",
      "instances": []
    },
    {
      "module": "module.planetarium-rds.module.db_instance",
      "mode": "managed",
      "type": "aws_iam_role",
      "name": "enhanced_monitoring",
      "provider": "provider[\"registry.terraform.io/hashicorp/aws\"]",
      "instances": []
    },
    {
      "module": "module.planetarium-rds.module.db_instance",
      "mode": "managed",
      "type": "random_id",
      "name": "snapshot_identifier",
      "provider": "provider[\"registry.terraform.io/hashicorp/random\"]",
      "instances": [
        {
          "index_key": 0,
          "schema_version": 0,
          "attributes": {
            "b64_std": "hwgbVQ==",
            "b64_url": "hwgbVQ",
            "byte_length": 4,
            "dec": "2265455445",
            "hex": "87081b55",
            "id": "hwgbVQ",
            "keepers": {
              "id": "planetarium-terraform"
            },
            "prefix": null
          },
          "sensitive_attributes": []
        }
      ]
    },
    {
      "module": "module.planetarium-rds.module.db_parameter_group",
      "mode": "managed",
      "type": "aws_db_parameter_group",
      "name": "this",
      "provider": "provider[\"registry.terraform.io/hashicorp/aws\"]",
      "instances": [
        {
          "index_key": 0,
          "schema_version": 0,
          "attributes": {
            "arn": "arn:aws:rds:us-east-1:672081122078:pg:planetarium-terraform-20230113201353026300000001",
            "description": "planetarium-terraform parameter group",
            "family": "postgres13",
            "id": "planetarium-terraform-20230113201353026300000001",
            "name": "planetarium-terraform-20230113201353026300000001",
            "name_prefix": "planetarium-terraform-",
            "parameter": [],
            "tags": {
              "Environment": "dev",
              "Name": "planetarium-terraform",
              "Owner": "TeamRocket",
              "terraform": "true"
            },
            "tags_all": {
              "Environment": "dev",
              "Name": "planetarium-terraform",
              "Owner": "TeamRocket",
              "terraform": "true"
            }
          },
          "sensitive_attributes": [],
          "private": "bnVsbA==",
          "create_before_destroy": true
        }
      ]
    },
    {
      "module": "module.planetarium-rds.module.db_subnet_group",
      "mode": "managed",
      "type": "aws_db_subnet_group",
      "name": "this",
      "provider": "provider[\"registry.terraform.io/hashicorp/aws\"]",
      "instances": [
        {
          "index_key": 0,
          "schema_version": 0,
          "attributes": {
            "arn": "arn:aws:rds:us-east-1:672081122078:subgrp:planetarium-terraform-20230113201353026800000002",
            "description": "planetarium-terraform subnet group",
            "id": "planetarium-terraform-20230113201353026800000002",
            "name": "planetarium-terraform-20230113201353026800000002",
            "name_prefix": "planetarium-terraform-",
            "subnet_ids": [
              "subnet-02810703012333faa",
              "subnet-02c6416585f5eeb02",
              "subnet-03d5c3311ae8e222f",
              "subnet-05882bb606a1254b0",
              "subnet-0a299e9e14f09e6b6"
            ],
            "supported_network_types": [
              "IPV4"
            ],
            "tags": {
              "Environment": "dev",
              "Name": "planetarium-terraform",
              "Owner": "TeamRocket",
              "terraform": "true"
            },
            "tags_all": {
              "Environment": "dev",
              "Name": "planetarium-terraform",
              "Owner": "TeamRocket",
              "terraform": "true"
            }
          },
          "sensitive_attributes": [],
          "private": "bnVsbA=="
        }
      ]
    }
  ],
  "check_results": null
}
